
Microsoft Visual Studio Solution File, Format Version 12.00
# Visual Studio 15
VisualStudioVersion = 15.0.28307.168
MinimumVisualStudioVersion = 10.0.40219.1
Project("{FAE04EC0-301F-11D3-BF4B-00C04F79EFBC}") = "WFABanka", "WFABanka\WFABanka.csproj", "{17F1D370-77D5-414B-B5C0-4F07DA0A5331}"
EndProject
Global
	GlobalSection(SolutionConfigurationPlatforms) = preSolution
		Debug|Any CPU = Debug|Any CPU
		Release|Any CPU = Release|Any CPU
	EndGlobalSection
	GlobalSection(ProjectConfigurationPlatforms) = postSolution
		{17F1D370-77D5-414B-B5C0-4F07DA0A5331}.Debug|Any CPU.ActiveCfg = Debug|Any CPU
		{17F1D370-77D5-414B-B5C0-4F07DA0A5331}.Debug|Any CPU.Build.0 = Debug|Any CPU
		{17F1D370-77D5-414B-B5C0-4F07DA0A5331}.Release|Any CPU.ActiveCfg = Release|Any CPU
		{17F1D370-77D5-414B-B5C0-4F07DA0A5331}.Release|Any CPU.Build.0 = Release|Any CPU
	EndGlobalSection
	GlobalSection(SolutionProperties) = preSolution
		HideSolutionNode = FALSE
	EndGlobalSection
	GlobalSection(ExtensibilityGlobals) = postSolution
		SolutionGuid = {83BC780E-61A9-4599-8B66-5EC9AF2FDEFE}
	EndGlobalSection
EndGlobal
